
Microsoft Visual Studio Solution File, Format Version 12.00
# Visual Studio Version 16
VisualStudioVersion = 16.0.30114.105
MinimumVisualStudioVersion = 10.0.40219.1
Project("{2150E333-8FDC-42A3-9474-1A3956D46DE8}") = "solution", "solution", "{E87FF79F-52AF-460A-B6CF-27614205CC48}"
	ProjectSection(SolutionItems) = preProject
		README.md = README.md
		.gitignore = .gitignore
		LICENSE = LICENSE
	EndProjectSection
EndProject
Project("{2150E333-8FDC-42A3-9474-1A3956D46DE8}") = "src", "src", "{87367327-598A-4DD4-AFB6-C38BAB89D039}"
EndProject
Project("{2150E333-8FDC-42A3-9474-1A3956D46DE8}") = "tests", "tests", "{87ACCC8C-9806-4D0B-BAF5-0231D11BECCE}"
EndProject
Project("{FAE04EC0-301F-11D3-BF4B-00C04F79EFBC}") = "Boogops.Core", "src\Boogops.Core\Boogops.Core.csproj", "{F7648DEB-F76A-4953-B7C4-50638B5FC642}"
EndProject
Project("{FAE04EC0-301F-11D3-BF4B-00C04F79EFBC}") = "Boogops.Core.Tests", "tests\Boogops.Core.Tests\Boogops.Core.Tests.csproj", "{011963D1-6B27-4FFC-A43F-E0A16A99B54E}"
EndProject
Global
	GlobalSection(SolutionConfigurationPlatforms) = preSolution
		Debug|Any CPU = Debug|Any CPU
		Release|Any CPU = Release|Any CPU
	EndGlobalSection
	GlobalSection(SolutionProperties) = preSolution
		HideSolutionNode = FALSE
	EndGlobalSection
	GlobalSection(NestedProjects) = preSolution
		{F7648DEB-F76A-4953-B7C4-50638B5FC642} = {87367327-598A-4DD4-AFB6-C38BAB89D039}
		{011963D1-6B27-4FFC-A43F-E0A16A99B54E} = {87ACCC8C-9806-4D0B-BAF5-0231D11BECCE}
	EndGlobalSection
	GlobalSection(ProjectConfigurationPlatforms) = postSolution
		{F7648DEB-F76A-4953-B7C4-50638B5FC642}.Debug|Any CPU.ActiveCfg = Debug|Any CPU
		{F7648DEB-F76A-4953-B7C4-50638B5FC642}.Debug|Any CPU.Build.0 = Debug|Any CPU
		{F7648DEB-F76A-4953-B7C4-50638B5FC642}.Release|Any CPU.ActiveCfg = Release|Any CPU
		{F7648DEB-F76A-4953-B7C4-50638B5FC642}.Release|Any CPU.Build.0 = Release|Any CPU
		{011963D1-6B27-4FFC-A43F-E0A16A99B54E}.Debug|Any CPU.ActiveCfg = Debug|Any CPU
		{011963D1-6B27-4FFC-A43F-E0A16A99B54E}.Debug|Any CPU.Build.0 = Debug|Any CPU
		{011963D1-6B27-4FFC-A43F-E0A16A99B54E}.Release|Any CPU.ActiveCfg = Release|Any CPU
		{011963D1-6B27-4FFC-A43F-E0A16A99B54E}.Release|Any CPU.Build.0 = Release|Any CPU
	EndGlobalSection
EndGlobal
